// !$*UTF8*$!
{
	archiveVersion = 1;
	classes = {
	};
	objectVersion = 56;
	objects = {

/* Begin PBXBuildFile section */
		5042D7D12A95F99B00E2EE91 /* AppDelegate.swift in Sources */ = {isa = PBXBuildFile; fileRef = 5042D7D02A95F99B00E2EE91 /* AppDelegate.swift */; };
		5042D7D32A95F99B00E2EE91 /* SceneDelegate.swift in Sources */ = {isa = PBXBuildFile; fileRef = 5042D7D22A95F99B00E2EE91 /* SceneDelegate.swift */; };
		5042D7D52A95F99B00E2EE91 /* ViewController.swift in Sources */ = {isa = PBXBuildFile; fileRef = 5042D7D42A95F99B00E2EE91 /* ViewController.swift */; };
		5042D7D82A95F99B00E2EE91 /* Main.storyboard in Resources */ = {isa = PBXBuildFile; fileRef = 5042D7D62A95F99B00E2EE91 /* Main.storyboard */; };
		5042D7DA2A95F99D00E2EE91 /* Assets.xcassets in Resources */ = {isa = PBXBuildFile; fileRef = 5042D7D92A95F99D00E2EE91 /* Assets.xcassets */; };
		5042D7DD2A95F99D00E2EE91 /* LaunchScreen.storyboard in Resources */ = {isa = PBXBuildFile; fileRef = 5042D7DB2A95F99D00E2EE91 /* LaunchScreen.storyboard */; };
		5042D7E52A96002400E2EE91 /* ListItem.swift in Sources */ = {isa = PBXBuildFile; fileRef = 5042D7E42A96002400E2EE91 /* ListItem.swift */; };
		5042D7E72A960EA400E2EE91 /* ListSection.swift in Sources */ = {isa = PBXBuildFile; fileRef = 5042D7E62A960EA400E2EE91 /* ListSection.swift */; };
		5042D7E92A96436700E2EE91 /* MockData.swift in Sources */ = {isa = PBXBuildFile; fileRef = 5042D7E82A96436700E2EE91 /* MockData.swift */; };
		5042D7EB2A971A0400E2EE91 /* SaleCollectionViewCell.swift in Sources */ = {isa = PBXBuildFile; fileRef = 5042D7EA2A971A0400E2EE91 /* SaleCollectionViewCell.swift */; };
		5042D7EE2A97271900E2EE91 /* CategoryCollectionViewCell.swift in Sources */ = {isa = PBXBuildFile; fileRef = 5042D7ED2A97271900E2EE91 /* CategoryCollectionViewCell.swift */; };
		5042D7F02A97400F00E2EE91 /* ExampleCollectionViewCell.swift in Sources */ = {isa = PBXBuildFile; fileRef = 5042D7EF2A97400F00E2EE91 /* ExampleCollectionViewCell.swift */; };
/* End PBXBuildFile section */

/* Begin PBXFileReference section */
		5042D7CD2A95F99B00E2EE91 /* CompositionalLayout.app */ = {isa = PBXFileReference; explicitFileType = wrapper.application; includeInIndex = 0; path = CompositionalLayout.app; sourceTree = BUILT_PRODUCTS_DIR; };
		5042D7D02A95F99B00E2EE91 /* AppDelegate.swift */ = {isa = PBXFileReference; lastKnownFileType = sourcecode.swift; path = AppDelegate.swift; sourceTree = "<group>"; };
		5042D7D22A95F99B00E2EE91 /* SceneDelegate.swift */ = {isa = PBXFileReference; lastKnownFileType = sourcecode.swift; path = SceneDelegate.swift; sourceTree = "<group>"; };
		5042D7D42A95F99B00E2EE91 /* ViewController.swift */ = {isa = PBXFileReference; lastKnownFileType = sourcecode.swift; path = ViewController.swift; sourceTree = "<group>"; };
		5042D7D72A95F99B00E2EE91 /* Base */ = {isa = PBXFileReference; lastKnownFileType = file.storyboard; name = Base; path = Base.lproj/Main.storyboard; sourceTree = "<group>"; };
		5042D7D92A95F99D00E2EE91 /* Assets.xcassets */ = {isa = PBXFileReference; lastKnownFileType = folder.assetcatalog; path = Assets.xcassets; sourceTree = "<group>"; };
		5042D7DC2A95F99D00E2EE91 /* Base */ = {isa = PBXFileReference; lastKnownFileType = file.storyboard; name = Base; path = Base.lproj/LaunchScreen.storyboard; sourceTree = "<group>"; };
		5042D7DE2A95F99D00E2EE91 /* Info.plist */ = {isa = PBXFileReference; lastKnownFileType = text.plist.xml; path = Info.plist; sourceTree = "<group>"; };
		5042D7E42A96002400E2EE91 /* ListItem.swift */ = {isa = PBXFileReference; lastKnownFileType = sourcecode.swift; path = ListItem.swift; sourceTree = "<group>"; };
		5042D7E62A960EA400E2EE91 /* ListSection.swift */ = {isa = PBXFileReference; lastKnownFileType = sourcecode.swift; path = ListSection.swift; sourceTree = "<group>"; };
		5042D7E82A96436700E2EE91 /* MockData.swift */ = {isa = PBXFileReference; lastKnownFileType = sourcecode.swift; path = MockData.swift; sourceTree = "<group>"; };
		5042D7EA2A971A0400E2EE91 /* SaleCollectionViewCell.swift */ = {isa = PBXFileReference; lastKnownFileType = sourcecode.swift; path = SaleCollectionViewCell.swift; sourceTree = "<group>"; };
		5042D7ED2A97271900E2EE91 /* CategoryCollectionViewCell.swift */ = {isa = PBXFileReference; lastKnownFileType = sourcecode.swift; path = CategoryCollectionViewCell.swift; sourceTree = "<group>"; };
		5042D7EF2A97400F00E2EE91 /* ExampleCollectionViewCell.swift */ = {isa = PBXFileReference; lastKnownFileType = sourcecode.swift; path = ExampleCollectionViewCell.swift; sourceTree = "<group>"; };
/* End PBXFileReference section */

/* Begin PBXFrameworksBuildPhase section */
		5042D7CA2A95F99B00E2EE91 /* Frameworks */ = {
			isa = PBXFrameworksBuildPhase;
			buildActionMask = 2147483647;
			files = (
			);
			runOnlyForDeploymentPostprocessing = 0;
		};
/* End PBXFrameworksBuildPhase section */

/* Begin PBXGroup section */
		5042D7C42A95F99B00E2EE91 = {
			isa = PBXGroup;
			children = (
				5042D7CF2A95F99B00E2EE91 /* CompositionalLayout */,
				5042D7CE2A95F99B00E2EE91 /* Products */,
			);
			sourceTree = "<group>";
		};
		5042D7CE2A95F99B00E2EE91 /* Products */ = {
			isa = PBXGroup;
			children = (
				5042D7CD2A95F99B00E2EE91 /* CompositionalLayout.app */,
			);
			name = Products;
			sourceTree = "<group>";
		};
		5042D7CF2A95F99B00E2EE91 /* CompositionalLayout */ = {
			isa = PBXGroup;
			children = (
				5042D7D02A95F99B00E2EE91 /* AppDelegate.swift */,
				5042D7D22A95F99B00E2EE91 /* SceneDelegate.swift */,
				5042D7D42A95F99B00E2EE91 /* ViewController.swift */,
				5042D7EC2A971A1100E2EE91 /* Cell */,
				5042D7D62A95F99B00E2EE91 /* Main.storyboard */,
				5042D7D92A95F99D00E2EE91 /* Assets.xcassets */,
				5042D7DB2A95F99D00E2EE91 /* LaunchScreen.storyboard */,
				5042D7DE2A95F99D00E2EE91 /* Info.plist */,
				5042D7E42A96002400E2EE91 /* ListItem.swift */,
				5042D7E62A960EA400E2EE91 /* ListSection.swift */,
				5042D7E82A96436700E2EE91 /* MockData.swift */,
			);
			path = CompositionalLayout;
			sourceTree = "<group>";
		};
		5042D7EC2A971A1100E2EE91 /* Cell */ = {
			isa = PBXGroup;
			children = (
				5042D7EA2A971A0400E2EE91 /* SaleCollectionViewCell.swift */,
				5042D7ED2A97271900E2EE91 /* CategoryCollectionViewCell.swift */,
				5042D7EF2A97400F00E2EE91 /* ExampleCollectionViewCell.swift */,
			);
			path = Cell;
			sourceTree = "<group>";
		};
/* End PBXGroup section */

/* Begin PBXNativeTarget section */
		5042D7CC2A95F99B00E2EE91 /* CompositionalLayout */ = {
			isa = PBXNativeTarget;
			buildConfigurationList = 5042D7E12A95F99D00E2EE91 /* Build configuration list for PBXNativeTarget "CompositionalLayout" */;
			buildPhases = (
				5042D7C92A95F99B00E2EE91 /* Sources */,
				5042D7CA2A95F99B00E2EE91 /* Frameworks */,
				5042D7CB2A95F99B00E2EE91 /* Resources */,
			);
			buildRules = (
			);
			dependencies = (
			);
			name = CompositionalLayout;
			productName = CompositionalLayout;
			productReference = 5042D7CD2A95F99B00E2EE91 /* CompositionalLayout.app */;
			productType = "com.apple.product-type.application";
		};
/* End PBXNativeTarget section */

/* Begin PBXProject section */
		5042D7C52A95F99B00E2EE91 /* Project object */ = {
			isa = PBXProject;
			attributes = {
				BuildIndependentTargetsInParallel = 1;
				LastSwiftUpdateCheck = 1400;
				LastUpgradeCheck = 1400;
				TargetAttributes = {
					5042D7CC2A95F99B00E2EE91 = {
						CreatedOnToolsVersion = 14.0.1;
					};
				};
			};
			buildConfigurationList = 5042D7C82A95F99B00E2EE91 /* Build configuration list for PBXProject "CompositionalLayout" */;
			compatibilityVersion = "Xcode 14.0";
			developmentRegion = en;
			hasScannedForEncodings = 0;
			knownRegions = (
				en,
				Base,
			);
			mainGroup = 5042D7C42A95F99B00E2EE91;
			productRefGroup = 5042D7CE2A95F99B00E2EE91 /* Products */;
			projectDirPath = "";
			projectRoot = "";
			targets = (
				5042D7CC2A95F99B00E2EE91 /* CompositionalLayout */,
			);
		};
/* End PBXProject section */

/* Begin PBXResourcesBuildPhase section */
		5042D7CB2A95F99B00E2EE91 /* Resources */ = {
			isa = PBXResourcesBuildPhase;
			buildActionMask = 2147483647;
			files = (
				5042D7DD2A95F99D00E2EE91 /* LaunchScreen.storyboard in Resources */,
				5042D7DA2A95F99D00E2EE91 /* Assets.xcassets in Resources */,
				5042D7D82A95F99B00E2EE91 /* Main.storyboard in Resources */,
			);
			runOnlyForDeploymentPostprocessing = 0;
		};
/* End PBXResourcesBuildPhase section */

/* Begin PBXSourcesBuildPhase section */
		5042D7C92A95F99B00E2EE91 /* Sources */ = {
			isa = PBXSourcesBuildPhase;
			buildActionMask = 2147483647;
			files = (
				5042D7EE2A97271900E2EE91 /* CategoryCollectionViewCell.swift in Sources */,
				5042D7E52A96002400E2EE91 /* ListItem.swift in Sources */,
				5042D7E92A96436700E2EE91 /* MockData.swift in Sources */,
				5042D7D52A95F99B00E2EE91 /* ViewController.swift in Sources */,
				5042D7EB2A971A0400E2EE91 /* SaleCollectionViewCell.swift in Sources */,
				5042D7D12A95F99B00E2EE91 /* AppDelegate.swift in Sources */,
				5042D7F02A97400F00E2EE91 /* ExampleCollectionViewCell.swift in Sources */,
				5042D7D32A95F99B00E2EE91 /* SceneDelegate.swift in Sources */,
				5042D7E72A960EA400E2EE91 /* ListSection.swift in Sources */,
			);
			runOnlyForDeploymentPostprocessing = 0;
		};
/* End PBXSourcesBuildPhase section */

/* Begin PBXVariantGroup section */
		5042D7D62A95F99B00E2EE91 /* Main.storyboard */ = {
			isa = PBXVariantGroup;
			children = (
				5042D7D72A95F99B00E2EE91 /* Base */,
			);
			name = Main.storyboard;
			sourceTree = "<group>";
		};
		5042D7DB2A95F99D00E2EE91 /* LaunchScreen.storyboard */ = {
			isa = PBXVariantGroup;
			children = (
				5042D7DC2A95F99D00E2EE91 /* Base */,
			);
			name = LaunchScreen.storyboard;
			sourceTree = "<group>";
		};
/* End PBXVariantGroup section */

/* Begin XCBuildConfiguration section */
		5042D7DF2A95F99D00E2EE91 /* Debug */ = {
			isa = XCBuildConfiguration;
			buildSettings = {
				ALWAYS_SEARCH_USER_PATHS = NO;
				CLANG_ANALYZER_NONNULL = YES;
				CLANG_ANALYZER_NUMBER_OBJECT_CONVERSION = YES_AGGRESSIVE;
				CLANG_CXX_LANGUAGE_STANDARD = "gnu++20";
				CLANG_ENABLE_MODULES = YES;
				CLANG_ENABLE_OBJC_ARC = YES;
				CLANG_ENABLE_OBJC_WEAK = YES;
				CLANG_WARN_BLOCK_CAPTURE_AUTORELEASING = YES;
				CLANG_WARN_BOOL_CONVERSION = YES;
				CLANG_WARN_COMMA = YES;
				CLANG_WARN_CONSTANT_CONVERSION = YES;
				CLANG_WARN_DEPRECATED_OBJC_IMPLEMENTATIONS = YES;
				CLANG_WARN_DIRECT_OBJC_ISA_USAGE = YES_ERROR;
				CLANG_WARN_DOCUMENTATION_COMMENTS = YES;
				CLANG_WARN_EMPTY_BODY = YES;
				CLANG_WARN_ENUM_CONVERSION = YES;
				CLANG_WARN_INFINITE_RECURSION = YES;
				CLANG_WARN_INT_CONVERSION = YES;
				CLANG_WARN_NON_LITERAL_NULL_CONVERSION = YES;
				CLANG_WARN_OBJC_IMPLICIT_RETAIN_SELF = YES;
				CLANG_WARN_OBJC_LITERAL_CONVERSION = YES;
				CLANG_WARN_OBJC_ROOT_CLASS = YES_ERROR;
				CLANG_WARN_QUOTED_INCLUDE_IN_FRAMEWORK_HEADER = YES;
				CLANG_WARN_RANGE_LOOP_ANALYSIS = YES;
				CLANG_WARN_STRICT_PROTOTYPES = YES;
				CLANG_WARN_SUSPICIOUS_MOVE = YES;
				CLANG_WARN_UNGUARDED_AVAILABILITY = YES_AGGRESSIVE;
				CLANG_WARN_UNREACHABLE_CODE = YES;
				CLANG_WARN__DUPLICATE_METHOD_MATCH = YES;
				COPY_PHASE_STRIP = NO;
				DEBUG_INFORMATION_FORMAT = dwarf;
				ENABLE_STRICT_OBJC_MSGSEND = YES;
				ENABLE_TESTABILITY = YES;
				GCC_C_LANGUAGE_STANDARD = gnu11;
				GCC_DYNAMIC_NO_PIC = NO;
				GCC_NO_COMMON_BLOCKS = YES;
				GCC_OPTIMIZATION_LEVEL = 0;
				GCC_PREPROCESSOR_DEFINITIONS = (
					"DEBUG=1",
					"$(inherited)",
				);
				GCC_WARN_64_TO_32_BIT_CONVERSION = YES;
				GCC_WARN_ABOUT_RETURN_TYPE = YES_ERROR;
				GCC_WARN_UNDECLARED_SELECTOR = YES;
				GCC_WARN_UNINITIALIZED_AUTOS = YES_AGGRESSIVE;
				GCC_WARN_UNUSED_FUNCTION = YES;
				GCC_WARN_UNUSED_VARIABLE = YES;
				IPHONEOS_DEPLOYMENT_TARGET = 16.0;
				MTL_ENABLE_DEBUG_INFO = INCLUDE_SOURCE;
				MTL_FAST_MATH = YES;
				ONLY_ACTIVE_ARCH = YES;
				SDKROOT = iphoneos;
				SWIFT_ACTIVE_COMPILATION_CONDITIONS = DEBUG;
				SWIFT_OPTIMIZATION_LEVEL = "-Onone";
			};
			name = Debug;
		};
		5042D7E02A95F99D00E2EE91 /* Release */ = {
			isa = XCBuildConfiguration;
			buildSettings = {
				ALWAYS_SEARCH_USER_PATHS = NO;
				CLANG_ANALYZER_NONNULL = YES;
				CLANG_ANALYZER_NUMBER_OBJECT_CONVERSION = YES_AGGRESSIVE;
				CLANG_CXX_LANGUAGE_STANDARD = "gnu++20";
				CLANG_ENABLE_MODULES = YES;
				CLANG_ENABLE_OBJC_ARC = YES;
				CLANG_ENABLE_OBJC_WEAK = YES;
				CLANG_WARN_BLOCK_CAPTURE_AUTORELEASING = YES;
				CLANG_WARN_BOOL_CONVERSION = YES;
				CLANG_WARN_COMMA = YES;
				CLANG_WARN_CONSTANT_CONVERSION = YES;
				CLANG_WARN_DEPRECATED_OBJC_IMPLEMENTATIONS = YES;
				CLANG_WARN_DIRECT_OBJC_ISA_USAGE = YES_ERROR;
				CLANG_WARN_DOCUMENTATION_COMMENTS = YES;
				CLANG_WARN_EMPTY_BODY = YES;
				CLANG_WARN_ENUM_CONVERSION = YES;
				CLANG_WARN_INFINITE_RECURSION = YES;
				CLANG_WARN_INT_CONVERSION = YES;
				CLANG_WARN_NON_LITERAL_NULL_CONVERSION = YES;
				CLANG_WARN_OBJC_IMPLICIT_RETAIN_SELF = YES;
				CLANG_WARN_OBJC_LITERAL_CONVERSION = YES;
				CLANG_WARN_OBJC_ROOT_CLASS = YES_ERROR;
				CLANG_WARN_QUOTED_INCLUDE_IN_FRAMEWORK_HEADER = YES;
				CLANG_WARN_RANGE_LOOP_ANALYSIS = YES;
				CLANG_WARN_STRICT_PROTOTYPES = YES;
				CLANG_WARN_SUSPICIOUS_MOVE = YES;
				CLANG_WARN_UNGUARDED_AVAILABILITY = YES_AGGRESSIVE;
				CLANG_WARN_UNREACHABLE_CODE = YES;
				CLANG_WARN__DUPLICATE_METHOD_MATCH = YES;
				COPY_PHASE_STRIP = NO;
				DEBUG_INFORMATION_FORMAT = "dwarf-with-dsym";
				ENABLE_NS_ASSERTIONS = NO;
				ENABLE_STRICT_OBJC_MSGSEND = YES;
				GCC_C_LANGUAGE_STANDARD = gnu11;
				GCC_NO_COMMON_BLOCKS = YES;
				GCC_WARN_64_TO_32_BIT_CONVERSION = YES;
				GCC_WARN_ABOUT_RETURN_TYPE = YES_ERROR;
				GCC_WARN_UNDECLARED_SELECTOR = YES;
				GCC_WARN_UNINITIALIZED_AUTOS = YES_AGGRESSIVE;
				GCC_WARN_UNUSED_FUNCTION = YES;
				GCC_WARN_UNUSED_VARIABLE = YES;
				IPHONEOS_DEPLOYMENT_TARGET = 16.0;
				MTL_ENABLE_DEBUG_INFO = NO;
				MTL_FAST_MATH = YES;
				SDKROOT = iphoneos;
				SWIFT_COMPILATION_MODE = wholemodule;
				SWIFT_OPTIMIZATION_LEVEL = "-O";
				VALIDATE_PRODUCT = YES;
			};
			name = Release;
		};
		5042D7E22A95F99D00E2EE91 /* Debug */ = {
			isa = XCBuildConfiguration;
			buildSettings = {
				ASSETCATALOG_COMPILER_APPICON_NAME = AppIcon;
				ASSETCATALOG_COMPILER_GLOBAL_ACCENT_COLOR_NAME = AccentColor;
				CODE_SIGN_STYLE = Automatic;
				CURRENT_PROJECT_VERSION = 1;
				DEVELOPMENT_TEAM = 473W7TVS7V;
				GENERATE_INFOPLIST_FILE = YES;
				INFOPLIST_FILE = CompositionalLayout/Info.plist;
				INFOPLIST_KEY_UIApplicationSupportsIndirectInputEvents = YES;
				INFOPLIST_KEY_UILaunchStoryboardName = LaunchScreen;
				INFOPLIST_KEY_UIMainStoryboardFile = Main;
				INFOPLIST_KEY_UISupportedInterfaceOrientations_iPad = "UIInterfaceOrientationPortrait UIInterfaceOrientationPortraitUpsideDown UIInterfaceOrientationLandscapeLeft UIInterfaceOrientationLandscapeRight";
				INFOPLIST_KEY_UISupportedInterfaceOrientations_iPhone = "UIInterfaceOrientationPortrait UIInterfaceOrientationLandscapeLeft UIInterfaceOrientationLandscapeRight";
				IPHONEOS_DEPLOYMENT_TARGET = 16.0;
				LD_RUNPATH_SEARCH_PATHS = (
					"$(inherited)",
					"@executable_path/Frameworks",
				);
				MARKETING_VERSION = 1.0;
				PRODUCT_BUNDLE_IDENTIFIER = Max.CompositionalLayout;
				PRODUCT_NAME = "$(TARGET_NAME)";
				SWIFT_EMIT_LOC_STRINGS = YES;
				SWIFT_VERSION = 5.0;
				TARGETED_DEVICE_FAMILY = "1,2";
			};
			name = Debug;
		};
		5042D7E32A95F99D00E2EE91 /* Release */ = {
			isa = XCBuildConfiguration;
			buildSettings = {
				ASSETCATALOG_COMPILER_APPICON_NAME = AppIcon;
				ASSETCATALOG_COMPILER_GLOBAL_ACCENT_COLOR_NAME = AccentColor;
				CODE_SIGN_STYLE = Automatic;
				CURRENT_PROJECT_VERSION = 1;
				DEVELOPMENT_TEAM = 473W7TVS7V;
				GENERATE_INFOPLIST_FILE = YES;
				INFOPLIST_FILE = CompositionalLayout/Info.plist;
				INFOPLIST_KEY_UIApplicationSupportsIndirectInputEvents = YES;
				INFOPLIST_KEY_UILaunchStoryboardName = LaunchScreen;
				INFOPLIST_KEY_UIMainStoryboardFile = Main;
				INFOPLIST_KEY_UISupportedInterfaceOrientations_iPad = "UIInterfaceOrientationPortrait UIInterfaceOrientationPortraitUpsideDown UIInterfaceOrientationLandscapeLeft UIInterfaceOrientationLandscapeRight";
				INFOPLIST_KEY_UISupportedInterfaceOrientations_iPhone = "UIInterfaceOrientationPortrait UIInterfaceOrientationLandscapeLeft UIInterfaceOrientationLandscapeRight";
				IPHONEOS_DEPLOYMENT_TARGET = 16.0;
				LD_RUNPATH_SEARCH_PATHS = (
					"$(inherited)",
					"@executable_path/Frameworks",
				);
				MARKETING_VERSION = 1.0;
				PRODUCT_BUNDLE_IDENTIFIER = Max.CompositionalLayout;
				PRODUCT_NAME = "$(TARGET_NAME)";
				SWIFT_EMIT_LOC_STRINGS = YES;
				SWIFT_VERSION = 5.0;
				TARGETED_DEVICE_FAMILY = "1,2";
			};
			name = Release;
		};
/* End XCBuildConfiguration section */

/* Begin XCConfigurationList section */
		5042D7C82A95F99B00E2EE91 /* Build configuration list for PBXProject "CompositionalLayout" */ = {
			isa = XCConfigurationList;
			buildConfigurations = (
				5042D7DF2A95F99D00E2EE91 /* Debug */,
				5042D7E02A95F99D00E2EE91 /* Release */,
			);
			defaultConfigurationIsVisible = 0;
			defaultConfigurationName = Release;
		};
		5042D7E12A95F99D00E2EE91 /* Build configuration list for PBXNativeTarget "CompositionalLayout" */ = {
			isa = XCConfigurationList;
			buildConfigurations = (
				5042D7E22A95F99D00E2EE91 /* Debug */,
				5042D7E32A95F99D00E2EE91 /* Release */,
			);
			defaultConfigurationIsVisible = 0;
			defaultConfigurationName = Release;
		};
/* End XCConfigurationList section */
	};
	rootObject = 5042D7C52A95F99B00E2EE91 /* Project object */;
}
